
Microsoft Visual Studio Solution File, Format Version 12.00
# Visual Studio Version 17
VisualStudioVersion = 17.9.34728.123
MinimumVisualStudioVersion = 10.0.40219.1
Project("{FAE04EC0-301F-11D3-BF4B-00C04F79EFBC}") = "Dungeon", "Dungeon\Dungeon.csproj", "{952B5B36-21A4-48D2-BF8D-DEF328EDF2A2}"
EndProject
Global
	GlobalSection(SolutionConfigurationPlatforms) = preSolution
		Debug|Any CPU = Debug|Any CPU
		Release|Any CPU = Release|Any CPU
	EndGlobalSection
	GlobalSection(ProjectConfigurationPlatforms) = postSolution
		{952B5B36-21A4-48D2-BF8D-DEF328EDF2A2}.Debug|Any CPU.ActiveCfg = Debug|Any CPU
		{952B5B36-21A4-48D2-BF8D-DEF328EDF2A2}.Debug|Any CPU.Build.0 = Debug|Any CPU
		{952B5B36-21A4-48D2-BF8D-DEF328EDF2A2}.Release|Any CPU.ActiveCfg = Release|Any CPU
		{952B5B36-21A4-48D2-BF8D-DEF328EDF2A2}.Release|Any CPU.Build.0 = Release|Any CPU
	EndGlobalSection
	GlobalSection(SolutionProperties) = preSolution
		HideSolutionNode = FALSE
	EndGlobalSection
	GlobalSection(ExtensibilityGlobals) = postSolution
		SolutionGuid = {B39C2BFC-A58A-447D-87A5-5ECD521D87E0}
	EndGlobalSection
EndGlobal
